{
    "name": "playwright-testing",
    "version": "1.0.0",
    "lockfileVersion": 3,
    "requires": true,
    "packages": {
        "": {
            "name": "playwright-testing",
            "version": "1.0.0",
            "license": "ISC",
            "dependencies": {
                "@appetize/playwright": "^0.4.0-beta.10",
                "@playwright/test": "latest"
            },
            "devDependencies": {
                "@types/node": "^18.0.0"
            }
        },
        "node_modules/@appetize/playwright": {
            "version": "0.4.0-beta.10",
            "resolved": "https://registry.npmjs.org/@appetize/playwright/-/playwright-0.4.0-beta.10.tgz",
            "integrity": "sha512-kTLwQwzcWUFo3i6n2sgZS+OSHIe/T30Dbyya2B1HfiEDktoQTlm8qe9uCrlbEK2Oo/kXJd5rBYwyvKUFh1x9uQ==",
            "dependencies": {
                "@types/events": "^3.0.0",
                "@types/ws": "^8.5.3",
                "events": "^3.3.0"
            },
            "peerDependencies": {
                "@playwright/test": "^1.32.0"
            }
        },
        "node_modules/@playwright/test": {
            "version": "1.30.0",
            "resolved": "https://registry.npmjs.org/@playwright/test/-/test-1.30.0.tgz",
            "integrity": "sha512-SVxkQw1xvn/Wk/EvBnqWIq6NLo1AppwbYOjNLmyU0R1RoQ3rLEBtmjTnElcnz8VEtn11fptj1ECxK0tgURhajw==",
            "dependencies": {
                "@types/node": "*",
                "playwright-core": "1.30.0"
            },
            "bin": {
                "playwright": "cli.js"
            },
            "engines": {
                "node": ">=14"
            }
        },
        "node_modules/@types/events": {
            "version": "3.0.0",
            "license": "MIT"
        },
        "node_modules/@types/node": {
            "version": "18.11.18",
            "license": "MIT"
        },
        "node_modules/@types/ws": {
            "version": "8.5.4",
            "license": "MIT",
            "dependencies": {
                "@types/node": "*"
            }
        },
        "node_modules/events": {
            "version": "3.3.0",
            "license": "MIT",
            "engines": {
                "node": ">=0.8.x"
            }
        },
        "node_modules/playwright-core": {
            "version": "1.30.0",
            "license": "Apache-2.0",
            "bin": {
                "playwright": "cli.js"
            },
            "engines": {
                "node": ">=14"
            }
        }
    }
}
