{
    "name": "playwright-testing",
    "version": "1.0.0",
    "lockfileVersion": 2,
    "requires": true,
    "packages": {
        "": {
            "name": "playwright-testing",
            "version": "1.0.0",
            "license": "ISC",
            "dependencies": {
                "@appetize/playwright": "^0.1.3",
                "@playwright/test": "^1.29.2"
            }
        },
        "../..": {
            "version": "0.0.4",
            "extraneous": true,
            "license": "ISC",
            "dependencies": {
                "cbor-x": "^1.3.0",
                "cross-fetch": "^3.1.5",
                "isomorphic-ws": "^4.0.1",
                "ws": "^8.6.0"
            },
            "devDependencies": {
                "@playwright/test": "^1.27.0",
                "@types/events": "^3.0.0",
                "@types/ws": "^8.5.3",
                "@typescript-eslint/eslint-plugin": "^5.21.0",
                "@typescript-eslint/parser": "^5.21.0",
                "concurrently": "^7.1.0",
                "dotenv": "^16.0.3",
                "eslint": "^8.14.0",
                "eslint-config-prettier": "^8.5.0",
                "events": "^3.3.0",
                "husky": "^8.0.1",
                "lint-staged": "^13.0.3",
                "prettier": "^2.7.1",
                "serve": "^13.0.2",
                "typedoc": "^0.23.1",
                "typescript": "^4.8.4",
                "url": "^0.11.0",
                "util": "^0.12.4",
                "vite": "^2.9.6"
            },
            "optionalDependencies": {
                "@playwright/test": "^1.27.0"
            }
        },
        "node_modules/@appetize/playwright": {
            "version": "0.1.3",
            "resolved": "https://registry.npmjs.org/@appetize/playwright/-/playwright-0.1.3.tgz",
            "integrity": "sha512-M5iAFjAGcPqQTMiC/MUHjqJH5LWOYr6cjZTmt5JLb4/U2RoP8Klh8IxF6K5BL3cFxvsX8g6Bqhpe7QrygOCRAQ==",
            "dependencies": {
                "@types/events": "^3.0.0",
                "@types/ws": "^8.5.3",
                "events": "^3.3.0"
            },
            "peerDependencies": {
                "@playwright/test": "^1.29.0"
            }
        },
        "node_modules/@playwright/test": {
            "version": "1.29.2",
            "resolved": "https://registry.npmjs.org/@playwright/test/-/test-1.29.2.tgz",
            "integrity": "sha512-+3/GPwOgcoF0xLz/opTnahel1/y42PdcgZ4hs+BZGIUjtmEFSXGg+nFoaH3NSmuc7a6GSFwXDJ5L7VXpqzigNg==",
            "dependencies": {
                "@types/node": "*",
                "playwright-core": "1.29.2"
            },
            "bin": {
                "playwright": "cli.js"
            },
            "engines": {
                "node": ">=14"
            }
        },
        "node_modules/@types/events": {
            "version": "3.0.0",
            "resolved": "https://registry.npmjs.org/@types/events/-/events-3.0.0.tgz",
            "integrity": "sha512-EaObqwIvayI5a8dCzhFrjKzVwKLxjoG9T6Ppd5CEo07LRKfQ8Yokw54r5+Wq7FaBQ+yXRvQAYPrHwya1/UFt9g=="
        },
        "node_modules/@types/node": {
            "version": "18.11.18",
            "resolved": "https://registry.npmjs.org/@types/node/-/node-18.11.18.tgz",
            "integrity": "sha512-DHQpWGjyQKSHj3ebjFI/wRKcqQcdR+MoFBygntYOZytCqNfkd2ZC4ARDJ2DQqhjH5p85Nnd3jhUJIXrszFX/JA=="
        },
        "node_modules/@types/ws": {
            "version": "8.5.4",
            "resolved": "https://registry.npmjs.org/@types/ws/-/ws-8.5.4.tgz",
            "integrity": "sha512-zdQDHKUgcX/zBc4GrwsE/7dVdAD8JR4EuiAXiiUhhfyIJXXb2+PrGshFyeXWQPMmmZ2XxgaqclgpIC7eTXc1mg==",
            "dependencies": {
                "@types/node": "*"
            }
        },
        "node_modules/events": {
            "version": "3.3.0",
            "resolved": "https://registry.npmjs.org/events/-/events-3.3.0.tgz",
            "integrity": "sha512-mQw+2fkQbALzQ7V0MY0IqdnXNOeTtP4r0lN9z7AAawCXgqea7bDii20AYrIBrFd/Hx0M2Ocz6S111CaFkUcb0Q==",
            "engines": {
                "node": ">=0.8.x"
            }
        },
        "node_modules/playwright-core": {
            "version": "1.29.2",
            "resolved": "https://registry.npmjs.org/playwright-core/-/playwright-core-1.29.2.tgz",
            "integrity": "sha512-94QXm4PMgFoHAhlCuoWyaBYKb92yOcGVHdQLoxQ7Wjlc7Flg4aC/jbFW7xMR52OfXMVkWicue4WXE7QEegbIRA==",
            "bin": {
                "playwright": "cli.js"
            },
            "engines": {
                "node": ">=14"
            }
        }
    },
    "dependencies": {
        "@appetize/playwright": {
            "version": "0.1.3",
            "resolved": "https://registry.npmjs.org/@appetize/playwright/-/playwright-0.1.3.tgz",
            "integrity": "sha512-M5iAFjAGcPqQTMiC/MUHjqJH5LWOYr6cjZTmt5JLb4/U2RoP8Klh8IxF6K5BL3cFxvsX8g6Bqhpe7QrygOCRAQ==",
            "requires": {
                "@types/events": "^3.0.0",
                "@types/ws": "^8.5.3",
                "events": "^3.3.0"
            }
        },
        "@playwright/test": {
            "version": "1.29.2",
            "resolved": "https://registry.npmjs.org/@playwright/test/-/test-1.29.2.tgz",
            "integrity": "sha512-+3/GPwOgcoF0xLz/opTnahel1/y42PdcgZ4hs+BZGIUjtmEFSXGg+nFoaH3NSmuc7a6GSFwXDJ5L7VXpqzigNg==",
            "requires": {
                "@types/node": "*",
                "playwright-core": "1.29.2"
            }
        },
        "@types/events": {
            "version": "3.0.0",
            "resolved": "https://registry.npmjs.org/@types/events/-/events-3.0.0.tgz",
            "integrity": "sha512-EaObqwIvayI5a8dCzhFrjKzVwKLxjoG9T6Ppd5CEo07LRKfQ8Yokw54r5+Wq7FaBQ+yXRvQAYPrHwya1/UFt9g=="
        },
        "@types/node": {
            "version": "18.11.18",
            "resolved": "https://registry.npmjs.org/@types/node/-/node-18.11.18.tgz",
            "integrity": "sha512-DHQpWGjyQKSHj3ebjFI/wRKcqQcdR+MoFBygntYOZytCqNfkd2ZC4ARDJ2DQqhjH5p85Nnd3jhUJIXrszFX/JA=="
        },
        "@types/ws": {
            "version": "8.5.4",
            "resolved": "https://registry.npmjs.org/@types/ws/-/ws-8.5.4.tgz",
            "integrity": "sha512-zdQDHKUgcX/zBc4GrwsE/7dVdAD8JR4EuiAXiiUhhfyIJXXb2+PrGshFyeXWQPMmmZ2XxgaqclgpIC7eTXc1mg==",
            "requires": {
                "@types/node": "*"
            }
        },
        "events": {
            "version": "3.3.0",
            "resolved": "https://registry.npmjs.org/events/-/events-3.3.0.tgz",
            "integrity": "sha512-mQw+2fkQbALzQ7V0MY0IqdnXNOeTtP4r0lN9z7AAawCXgqea7bDii20AYrIBrFd/Hx0M2Ocz6S111CaFkUcb0Q=="
        },
        "playwright-core": {
            "version": "1.29.2",
            "resolved": "https://registry.npmjs.org/playwright-core/-/playwright-core-1.29.2.tgz",
            "integrity": "sha512-94QXm4PMgFoHAhlCuoWyaBYKb92yOcGVHdQLoxQ7Wjlc7Flg4aC/jbFW7xMR52OfXMVkWicue4WXE7QEegbIRA=="
        }
    }
}
